
Microsoft Visual Studio Solution File, Format Version 12.00
# Visual Studio Version 17
VisualStudioVersion = 17.4.33006.217
MinimumVisualStudioVersion = 10.0.40219.1
Project("{9A19103F-16F7-4668-BE54-9A1E7A4F7556}") = "Vogen.Examples", "samples\Vogen.Examples\Vogen.Examples.csproj", "{E89977F3-1B28-498E-8D63-9E49EE4D84D3}"
EndProject
Project("{2150E333-8FDC-42A3-9474-1A3956D46DE8}") = "_files", "_files", "{0F2E18B2-6F04-40D7-BC51-F37157CB68AD}"
	ProjectSection(SolutionItems) = preProject
		.editorconfig = .editorconfig
		Build.ps1 = Build.ps1
		Directory.Build.props = Directory.Build.props
		nuget.config = nuget.config
		nuget.private.config = nuget.private.config
		test.ps1 = test.ps1
	EndProjectSection
EndProject
Project("{FAE04EC0-301F-11D3-BF4B-00C04F79EFBC}") = "ConsumerTests", "tests\ConsumerTests\ConsumerTests.csproj", "{B9FAC951-7F77-49B5-9DCD-C8278B45EE65}"
EndProject
Project("{FAE04EC0-301F-11D3-BF4B-00C04F79EFBC}") = "WebApplication", "samples\WebApplication\WebApplication.csproj", "{DDCC7F24-6C4B-4F6D-A216-CEB01E634BD1}"
EndProject
Project("{FAE04EC0-301F-11D3-BF4B-00C04F79EFBC}") = "WebApplicationConsumer", "samples\WebApplicationConsumer\WebApplicationConsumer.csproj", "{CCFC28B7-3E56-4364-AAE9-83EC01FBE820}"
EndProject
Project("{FAE04EC0-301F-11D3-BF4B-00C04F79EFBC}") = "AotTrimmedSample", "samples\AotTrimmedSample\AotTrimmedSample.csproj", "{99CBD5AD-854A-4678-8667-2D1C4434D551}"
EndProject
Project("{FAE04EC0-301F-11D3-BF4B-00C04F79EFBC}") = "Domain", "samples\Onion\Domain\Domain.csproj", "{C53918C4-833C-45DB-B306-09D46B9CFB9D}"
EndProject
Project("{2150E333-8FDC-42A3-9474-1A3956D46DE8}") = "Onion", "Onion", "{48796EAD-C8DB-4444-9BDF-9EED099BF2A4}"
	ProjectSection(SolutionItems) = preProject
		samples\Onion\README.md = samples\Onion\README.md
	EndProjectSection
EndProject
Project("{FAE04EC0-301F-11D3-BF4B-00C04F79EFBC}") = "Infra", "samples\Onion\Infra\Infra.csproj", "{03EA902C-68D5-44B2-A8F0-2F3325B05448}"
EndProject
Project("{FAE04EC0-301F-11D3-BF4B-00C04F79EFBC}") = "OrleansExample", "samples\OrleansExample\OrleansExample.csproj", "{2F496E59-0462-431A-A70B-266B58A9A672}"
EndProject
Project("{FAE04EC0-301F-11D3-BF4B-00C04F79EFBC}") = "WebApplication.Shared", "samples\WebApplication.Shared\WebApplication.Shared.csproj", "{111EE1B7-E2F0-45EF-9D2D-86B5EF9EE899}"
EndProject
Project("{FAE04EC0-301F-11D3-BF4B-00C04F79EFBC}") = "NetStandard21Consumer", "samples\NetStandard21Consumer\NetStandard21Consumer.csproj", "{F1397A79-D670-42D3-8965-D93F679E7269}"
EndProject
Global
	GlobalSection(SolutionConfigurationPlatforms) = preSolution
		Debug|Any CPU = Debug|Any CPU
		Release|Any CPU = Release|Any CPU
	EndGlobalSection
	GlobalSection(ProjectConfigurationPlatforms) = postSolution
		{E89977F3-1B28-498E-8D63-9E49EE4D84D3}.Debug|Any CPU.ActiveCfg = Debug|Any CPU
		{E89977F3-1B28-498E-8D63-9E49EE4D84D3}.Debug|Any CPU.Build.0 = Debug|Any CPU
		{E89977F3-1B28-498E-8D63-9E49EE4D84D3}.Release|Any CPU.ActiveCfg = Release|Any CPU
		{E89977F3-1B28-498E-8D63-9E49EE4D84D3}.Release|Any CPU.Build.0 = Release|Any CPU
		{B9FAC951-7F77-49B5-9DCD-C8278B45EE65}.Debug|Any CPU.ActiveCfg = Debug|Any CPU
		{B9FAC951-7F77-49B5-9DCD-C8278B45EE65}.Debug|Any CPU.Build.0 = Debug|Any CPU
		{B9FAC951-7F77-49B5-9DCD-C8278B45EE65}.Release|Any CPU.ActiveCfg = Release|Any CPU
		{B9FAC951-7F77-49B5-9DCD-C8278B45EE65}.Release|Any CPU.Build.0 = Release|Any CPU
		{DDCC7F24-6C4B-4F6D-A216-CEB01E634BD1}.Debug|Any CPU.ActiveCfg = Debug|Any CPU
		{DDCC7F24-6C4B-4F6D-A216-CEB01E634BD1}.Debug|Any CPU.Build.0 = Debug|Any CPU
		{DDCC7F24-6C4B-4F6D-A216-CEB01E634BD1}.Release|Any CPU.ActiveCfg = Release|Any CPU
		{DDCC7F24-6C4B-4F6D-A216-CEB01E634BD1}.Release|Any CPU.Build.0 = Release|Any CPU
		{CCFC28B7-3E56-4364-AAE9-83EC01FBE820}.Debug|Any CPU.ActiveCfg = Debug|Any CPU
		{CCFC28B7-3E56-4364-AAE9-83EC01FBE820}.Debug|Any CPU.Build.0 = Debug|Any CPU
		{CCFC28B7-3E56-4364-AAE9-83EC01FBE820}.Release|Any CPU.ActiveCfg = Release|Any CPU
		{CCFC28B7-3E56-4364-AAE9-83EC01FBE820}.Release|Any CPU.Build.0 = Release|Any CPU
		{99CBD5AD-854A-4678-8667-2D1C4434D551}.Debug|Any CPU.ActiveCfg = Debug|Any CPU
		{99CBD5AD-854A-4678-8667-2D1C4434D551}.Debug|Any CPU.Build.0 = Debug|Any CPU
		{99CBD5AD-854A-4678-8667-2D1C4434D551}.Release|Any CPU.ActiveCfg = Release|Any CPU
		{99CBD5AD-854A-4678-8667-2D1C4434D551}.Release|Any CPU.Build.0 = Release|Any CPU
		{C53918C4-833C-45DB-B306-09D46B9CFB9D}.Debug|Any CPU.ActiveCfg = Debug|Any CPU
		{C53918C4-833C-45DB-B306-09D46B9CFB9D}.Debug|Any CPU.Build.0 = Debug|Any CPU
		{C53918C4-833C-45DB-B306-09D46B9CFB9D}.Release|Any CPU.ActiveCfg = Release|Any CPU
		{C53918C4-833C-45DB-B306-09D46B9CFB9D}.Release|Any CPU.Build.0 = Release|Any CPU
		{03EA902C-68D5-44B2-A8F0-2F3325B05448}.Debug|Any CPU.ActiveCfg = Debug|Any CPU
		{03EA902C-68D5-44B2-A8F0-2F3325B05448}.Debug|Any CPU.Build.0 = Debug|Any CPU
		{03EA902C-68D5-44B2-A8F0-2F3325B05448}.Release|Any CPU.ActiveCfg = Release|Any CPU
		{03EA902C-68D5-44B2-A8F0-2F3325B05448}.Release|Any CPU.Build.0 = Release|Any CPU
		{2F496E59-0462-431A-A70B-266B58A9A672}.Debug|Any CPU.ActiveCfg = Debug|Any CPU
		{2F496E59-0462-431A-A70B-266B58A9A672}.Debug|Any CPU.Build.0 = Debug|Any CPU
		{2F496E59-0462-431A-A70B-266B58A9A672}.Release|Any CPU.ActiveCfg = Release|Any CPU
		{2F496E59-0462-431A-A70B-266B58A9A672}.Release|Any CPU.Build.0 = Release|Any CPU
		{111EE1B7-E2F0-45EF-9D2D-86B5EF9EE899}.Debug|Any CPU.ActiveCfg = Debug|Any CPU
		{111EE1B7-E2F0-45EF-9D2D-86B5EF9EE899}.Debug|Any CPU.Build.0 = Debug|Any CPU
		{111EE1B7-E2F0-45EF-9D2D-86B5EF9EE899}.Release|Any CPU.ActiveCfg = Release|Any CPU
		{111EE1B7-E2F0-45EF-9D2D-86B5EF9EE899}.Release|Any CPU.Build.0 = Release|Any CPU
		{F1397A79-D670-42D3-8965-D93F679E7269}.Debug|Any CPU.ActiveCfg = Debug|Any CPU
		{F1397A79-D670-42D3-8965-D93F679E7269}.Debug|Any CPU.Build.0 = Debug|Any CPU
		{F1397A79-D670-42D3-8965-D93F679E7269}.Release|Any CPU.ActiveCfg = Release|Any CPU
		{F1397A79-D670-42D3-8965-D93F679E7269}.Release|Any CPU.Build.0 = Release|Any CPU
	EndGlobalSection
	GlobalSection(SolutionProperties) = preSolution
		HideSolutionNode = FALSE
	EndGlobalSection
	GlobalSection(ExtensibilityGlobals) = postSolution
		SolutionGuid = {331A0BAA-5F92-47FB-B064-3C422A978D17}
	EndGlobalSection
	GlobalSection(NestedProjects) = preSolution
		{C53918C4-833C-45DB-B306-09D46B9CFB9D} = {48796EAD-C8DB-4444-9BDF-9EED099BF2A4}
		{03EA902C-68D5-44B2-A8F0-2F3325B05448} = {48796EAD-C8DB-4444-9BDF-9EED099BF2A4}
	EndGlobalSection
EndGlobal
