
Microsoft Visual Studio Solution File, Format Version 12.00
# Visual Studio Version 17
VisualStudioVersion = 17.0.31912.275
MinimumVisualStudioVersion = 10.0.40219.1
Project("{2150E333-8FDC-42A3-9474-1A3956D46DE8}") = "tests", "tests", "{9955BB98-6ACF-4EC8-AE59-1B8DDCCBDCC6}"
EndProject
Project("{9A19103F-16F7-4668-BE54-9A1E7A4F7556}") = "Vogen.Benchmarks", "tests\Vogen.Benchmarks\Vogen.Benchmarks.csproj", "{D77B4296-FD1F-469A-B5ED-3EDF4EF3DFDD}"
EndProject
Project("{9A19103F-16F7-4668-BE54-9A1E7A4F7556}") = "Vogen.Tests", "tests\Vogen.Tests\Vogen.Tests.csproj", "{2532B83A-01C3-4C91-AE0C-682CD9508028}"
EndProject
Project("{2150E333-8FDC-42A3-9474-1A3956D46DE8}") = "src", "src", "{57174048-09D4-46A6-932C-8F90F2B603D0}"
EndProject
Project("{9A19103F-16F7-4668-BE54-9A1E7A4F7556}") = "Vogen.Generator", "src\Vogen.Generator\Vogen.Generator.csproj", "{23A799DB-6FCE-462D-8F7D-76F4B1FAD20B}"
EndProject
Project("{9A19103F-16F7-4668-BE54-9A1E7A4F7556}") = "Vogen.SharedTypes", "src\Vogen.SharedTypes\Vogen.SharedTypes.csproj", "{213EEE06-F547-4E46-A365-A0B8595D905B}"
EndProject
Project("{2150E333-8FDC-42A3-9474-1A3956D46DE8}") = "_files", "_files", "{72AF0ED1-00F0-42D7-9997-169FEFBC2DB2}"
	ProjectSection(SolutionItems) = preProject
		.editorconfig = .editorconfig
		.gitignore = .gitignore
		Directory.Build.props = Directory.Build.props
		README.md = README.md
	EndProjectSection
EndProject
Project("{9A19103F-16F7-4668-BE54-9A1E7A4F7556}") = "Vogen.Examples", "src\Vogen.Examples\Vogen.Examples.csproj", "{6FE6E6FB-9C4B-4DF1-9AB3-48004479DB8A}"
EndProject
Global
	GlobalSection(SolutionConfigurationPlatforms) = preSolution
		Debug|Any CPU = Debug|Any CPU
		Release|Any CPU = Release|Any CPU
	EndGlobalSection
	GlobalSection(ProjectConfigurationPlatforms) = postSolution
		{D77B4296-FD1F-469A-B5ED-3EDF4EF3DFDD}.Debug|Any CPU.ActiveCfg = Debug|Any CPU
		{D77B4296-FD1F-469A-B5ED-3EDF4EF3DFDD}.Debug|Any CPU.Build.0 = Debug|Any CPU
		{D77B4296-FD1F-469A-B5ED-3EDF4EF3DFDD}.Release|Any CPU.ActiveCfg = Release|Any CPU
		{D77B4296-FD1F-469A-B5ED-3EDF4EF3DFDD}.Release|Any CPU.Build.0 = Release|Any CPU
		{2532B83A-01C3-4C91-AE0C-682CD9508028}.Debug|Any CPU.ActiveCfg = Debug|Any CPU
		{2532B83A-01C3-4C91-AE0C-682CD9508028}.Debug|Any CPU.Build.0 = Debug|Any CPU
		{2532B83A-01C3-4C91-AE0C-682CD9508028}.Release|Any CPU.ActiveCfg = Release|Any CPU
		{2532B83A-01C3-4C91-AE0C-682CD9508028}.Release|Any CPU.Build.0 = Release|Any CPU
		{23A799DB-6FCE-462D-8F7D-76F4B1FAD20B}.Debug|Any CPU.ActiveCfg = Debug|Any CPU
		{23A799DB-6FCE-462D-8F7D-76F4B1FAD20B}.Debug|Any CPU.Build.0 = Debug|Any CPU
		{23A799DB-6FCE-462D-8F7D-76F4B1FAD20B}.Release|Any CPU.ActiveCfg = Release|Any CPU
		{23A799DB-6FCE-462D-8F7D-76F4B1FAD20B}.Release|Any CPU.Build.0 = Release|Any CPU
		{213EEE06-F547-4E46-A365-A0B8595D905B}.Debug|Any CPU.ActiveCfg = Debug|Any CPU
		{213EEE06-F547-4E46-A365-A0B8595D905B}.Debug|Any CPU.Build.0 = Debug|Any CPU
		{213EEE06-F547-4E46-A365-A0B8595D905B}.Release|Any CPU.ActiveCfg = Release|Any CPU
		{213EEE06-F547-4E46-A365-A0B8595D905B}.Release|Any CPU.Build.0 = Release|Any CPU
		{6FE6E6FB-9C4B-4DF1-9AB3-48004479DB8A}.Debug|Any CPU.ActiveCfg = Debug|Any CPU
		{6FE6E6FB-9C4B-4DF1-9AB3-48004479DB8A}.Debug|Any CPU.Build.0 = Debug|Any CPU
		{6FE6E6FB-9C4B-4DF1-9AB3-48004479DB8A}.Release|Any CPU.ActiveCfg = Release|Any CPU
		{6FE6E6FB-9C4B-4DF1-9AB3-48004479DB8A}.Release|Any CPU.Build.0 = Release|Any CPU
	EndGlobalSection
	GlobalSection(SolutionProperties) = preSolution
		HideSolutionNode = FALSE
	EndGlobalSection
	GlobalSection(NestedProjects) = preSolution
		{D77B4296-FD1F-469A-B5ED-3EDF4EF3DFDD} = {9955BB98-6ACF-4EC8-AE59-1B8DDCCBDCC6}
		{2532B83A-01C3-4C91-AE0C-682CD9508028} = {9955BB98-6ACF-4EC8-AE59-1B8DDCCBDCC6}
		{23A799DB-6FCE-462D-8F7D-76F4B1FAD20B} = {57174048-09D4-46A6-932C-8F90F2B603D0}
		{213EEE06-F547-4E46-A365-A0B8595D905B} = {57174048-09D4-46A6-932C-8F90F2B603D0}
		{6FE6E6FB-9C4B-4DF1-9AB3-48004479DB8A} = {57174048-09D4-46A6-932C-8F90F2B603D0}
	EndGlobalSection
	GlobalSection(ExtensibilityGlobals) = postSolution
		SolutionGuid = {E4D5DD02-533B-4333-9CF9-ACD294C7F2EE}
	EndGlobalSection
EndGlobal
