
Microsoft Visual Studio Solution File, Format Version 12.00
# Visual Studio Version 17
VisualStudioVersion = 17.0.31912.275
MinimumVisualStudioVersion = 10.0.40219.1
Project("{2150E333-8FDC-42A3-9474-1A3956D46DE8}") = "tests", "tests", "{9955BB98-6ACF-4EC8-AE59-1B8DDCCBDCC6}"
EndProject
Project("{2150E333-8FDC-42A3-9474-1A3956D46DE8}") = "src", "src", "{57174048-09D4-46A6-932C-8F90F2B603D0}"
EndProject
Project("{9A19103F-16F7-4668-BE54-9A1E7A4F7556}") = "Vogen", "src\Vogen\Vogen.csproj", "{23A799DB-6FCE-462D-8F7D-76F4B1FAD20B}"
EndProject
Project("{2150E333-8FDC-42A3-9474-1A3956D46DE8}") = "_files", "_files", "{72AF0ED1-00F0-42D7-9997-169FEFBC2DB2}"
	ProjectSection(SolutionItems) = preProject
		.editorconfig = .editorconfig
		.gitattributes = .gitattributes
		.gitignore = .gitignore
		Build.ps1 = Build.ps1
		.github\workflows\build.yaml = .github\workflows\build.yaml
		.github\workflows\codeql-analysis.yml = .github\workflows\codeql-analysis.yml
		Directory.Build.props = Directory.Build.props
		docs\nuget-readme.md = docs\nuget-readme.md
		nuget.config = nuget.config
		nuget.private.config = nuget.private.config
		.github\workflows\publish.yaml = .github\workflows\publish.yaml
		README.md = README.md
		test.ps1 = test.ps1
		RunSnapshots.ps1 = RunSnapshots.ps1
		Directory.Build.targets = Directory.Build.targets
		global.json = global.json
	EndProjectSection
EndProject
Project("{9A19103F-16F7-4668-BE54-9A1E7A4F7556}") = "Vogen.SharedTypes", "src\Vogen.SharedTypes\Vogen.SharedTypes.csproj", "{ACBCBC0B-430F-46A3-AD96-6AF28DBA7F9D}"
EndProject
Project("{2150E333-8FDC-42A3-9474-1A3956D46DE8}") = ".github", ".github", "{D3048A7B-80B6-4BE2-881B-622E7FC26FC8}"
	ProjectSection(SolutionItems) = preProject
		.github\dependabot.yml = .github\dependabot.yml
	EndProjectSection
EndProject
Project("{2150E333-8FDC-42A3-9474-1A3956D46DE8}") = "workflows", "workflows", "{7CB90DA2-8BCB-4F4C-A5F3-9F6E8B6CC402}"
	ProjectSection(SolutionItems) = preProject
		.github\workflows\build.yaml = .github\workflows\build.yaml
		.github\workflows\codeql-analysis.yml = .github\workflows\codeql-analysis.yml
		.github\workflows\publish.yaml = .github\workflows\publish.yaml
		.github\workflows\deploy.yaml = .github\workflows\deploy.yaml
	EndProjectSection
EndProject
Project("{9A19103F-16F7-4668-BE54-9A1E7A4F7556}") = "AnalyzerTests", "tests\AnalyzerTests\AnalyzerTests.csproj", "{89E0B1B1-8CCD-4328-A0D2-4F87E1D57023}"
EndProject
Project("{9A19103F-16F7-4668-BE54-9A1E7A4F7556}") = "Vogen.Tests", "tests\Vogen.Tests\Vogen.Tests.csproj", "{38935F7D-8E91-4984-9119-1FB0A639CB09}"
EndProject
Project("{9A19103F-16F7-4668-BE54-9A1E7A4F7556}") = "Shared", "tests\Shared\Shared.csproj", "{D53F5547-E077-43FF-9342-ABA02A4FF360}"
EndProject
Project("{9A19103F-16F7-4668-BE54-9A1E7A4F7556}") = "SnapshotTests", "tests\SnapshotTests\SnapshotTests.csproj", "{83488ED4-6EB4-42B2-BFAC-D75B02A6F9A6}"
EndProject
Project("{FAE04EC0-301F-11D3-BF4B-00C04F79EFBC}") = "Vogen.CodeFixers", "src\Vogen.CodeFixers\Vogen.CodeFixers.csproj", "{7A9E16A8-0BF0-460C-A347-44FEEA091D52}"
EndProject
Project("{FAE04EC0-301F-11D3-BF4B-00C04F79EFBC}") = "Vogen.Pack", "src\Vogen.Pack.csproj", "{62298232-B862-4323-9737-0F70BCA7EC4A}"
EndProject
Global
	GlobalSection(SolutionConfigurationPlatforms) = preSolution
		Debug|Any CPU = Debug|Any CPU
		Release|Any CPU = Release|Any CPU
	EndGlobalSection
	GlobalSection(ProjectConfigurationPlatforms) = postSolution
		{23A799DB-6FCE-462D-8F7D-76F4B1FAD20B}.Debug|Any CPU.ActiveCfg = Debug|Any CPU
		{23A799DB-6FCE-462D-8F7D-76F4B1FAD20B}.Debug|Any CPU.Build.0 = Debug|Any CPU
		{23A799DB-6FCE-462D-8F7D-76F4B1FAD20B}.Release|Any CPU.ActiveCfg = Release|Any CPU
		{23A799DB-6FCE-462D-8F7D-76F4B1FAD20B}.Release|Any CPU.Build.0 = Release|Any CPU
		{ACBCBC0B-430F-46A3-AD96-6AF28DBA7F9D}.Debug|Any CPU.ActiveCfg = Debug|Any CPU
		{ACBCBC0B-430F-46A3-AD96-6AF28DBA7F9D}.Debug|Any CPU.Build.0 = Debug|Any CPU
		{ACBCBC0B-430F-46A3-AD96-6AF28DBA7F9D}.Release|Any CPU.ActiveCfg = Release|Any CPU
		{ACBCBC0B-430F-46A3-AD96-6AF28DBA7F9D}.Release|Any CPU.Build.0 = Release|Any CPU
		{89E0B1B1-8CCD-4328-A0D2-4F87E1D57023}.Debug|Any CPU.ActiveCfg = Debug|Any CPU
		{89E0B1B1-8CCD-4328-A0D2-4F87E1D57023}.Debug|Any CPU.Build.0 = Debug|Any CPU
		{89E0B1B1-8CCD-4328-A0D2-4F87E1D57023}.Release|Any CPU.ActiveCfg = Release|Any CPU
		{89E0B1B1-8CCD-4328-A0D2-4F87E1D57023}.Release|Any CPU.Build.0 = Release|Any CPU
		{38935F7D-8E91-4984-9119-1FB0A639CB09}.Debug|Any CPU.ActiveCfg = Debug|Any CPU
		{38935F7D-8E91-4984-9119-1FB0A639CB09}.Debug|Any CPU.Build.0 = Debug|Any CPU
		{38935F7D-8E91-4984-9119-1FB0A639CB09}.Release|Any CPU.ActiveCfg = Release|Any CPU
		{38935F7D-8E91-4984-9119-1FB0A639CB09}.Release|Any CPU.Build.0 = Release|Any CPU
		{D53F5547-E077-43FF-9342-ABA02A4FF360}.Debug|Any CPU.ActiveCfg = Debug|Any CPU
		{D53F5547-E077-43FF-9342-ABA02A4FF360}.Debug|Any CPU.Build.0 = Debug|Any CPU
		{D53F5547-E077-43FF-9342-ABA02A4FF360}.Release|Any CPU.ActiveCfg = Release|Any CPU
		{D53F5547-E077-43FF-9342-ABA02A4FF360}.Release|Any CPU.Build.0 = Release|Any CPU
		{83488ED4-6EB4-42B2-BFAC-D75B02A6F9A6}.Debug|Any CPU.ActiveCfg = Debug|Any CPU
		{83488ED4-6EB4-42B2-BFAC-D75B02A6F9A6}.Debug|Any CPU.Build.0 = Debug|Any CPU
		{83488ED4-6EB4-42B2-BFAC-D75B02A6F9A6}.Release|Any CPU.ActiveCfg = Release|Any CPU
		{83488ED4-6EB4-42B2-BFAC-D75B02A6F9A6}.Release|Any CPU.Build.0 = Release|Any CPU
		{7A9E16A8-0BF0-460C-A347-44FEEA091D52}.Debug|Any CPU.ActiveCfg = Debug|Any CPU
		{7A9E16A8-0BF0-460C-A347-44FEEA091D52}.Debug|Any CPU.Build.0 = Debug|Any CPU
		{7A9E16A8-0BF0-460C-A347-44FEEA091D52}.Release|Any CPU.ActiveCfg = Release|Any CPU
		{7A9E16A8-0BF0-460C-A347-44FEEA091D52}.Release|Any CPU.Build.0 = Release|Any CPU
		{62298232-B862-4323-9737-0F70BCA7EC4A}.Debug|Any CPU.ActiveCfg = Debug|Any CPU
		{62298232-B862-4323-9737-0F70BCA7EC4A}.Debug|Any CPU.Build.0 = Debug|Any CPU
		{62298232-B862-4323-9737-0F70BCA7EC4A}.Release|Any CPU.ActiveCfg = Release|Any CPU
		{62298232-B862-4323-9737-0F70BCA7EC4A}.Release|Any CPU.Build.0 = Release|Any CPU
	EndGlobalSection
	GlobalSection(SolutionProperties) = preSolution
		HideSolutionNode = FALSE
	EndGlobalSection
	GlobalSection(NestedProjects) = preSolution
		{23A799DB-6FCE-462D-8F7D-76F4B1FAD20B} = {57174048-09D4-46A6-932C-8F90F2B603D0}
		{ACBCBC0B-430F-46A3-AD96-6AF28DBA7F9D} = {57174048-09D4-46A6-932C-8F90F2B603D0}
		{D3048A7B-80B6-4BE2-881B-622E7FC26FC8} = {72AF0ED1-00F0-42D7-9997-169FEFBC2DB2}
		{7CB90DA2-8BCB-4F4C-A5F3-9F6E8B6CC402} = {D3048A7B-80B6-4BE2-881B-622E7FC26FC8}
		{89E0B1B1-8CCD-4328-A0D2-4F87E1D57023} = {9955BB98-6ACF-4EC8-AE59-1B8DDCCBDCC6}
		{38935F7D-8E91-4984-9119-1FB0A639CB09} = {9955BB98-6ACF-4EC8-AE59-1B8DDCCBDCC6}
		{D53F5547-E077-43FF-9342-ABA02A4FF360} = {9955BB98-6ACF-4EC8-AE59-1B8DDCCBDCC6}
		{83488ED4-6EB4-42B2-BFAC-D75B02A6F9A6} = {9955BB98-6ACF-4EC8-AE59-1B8DDCCBDCC6}
		{7A9E16A8-0BF0-460C-A347-44FEEA091D52} = {57174048-09D4-46A6-932C-8F90F2B603D0}
		{62298232-B862-4323-9737-0F70BCA7EC4A} = {57174048-09D4-46A6-932C-8F90F2B603D0}
	EndGlobalSection
	GlobalSection(ExtensibilityGlobals) = postSolution
		SolutionGuid = {E4D5DD02-533B-4333-9CF9-ACD294C7F2EE}
	EndGlobalSection
EndGlobal
