
Microsoft Visual Studio Solution File, Format Version 12.00
# Visual Studio Version 17
VisualStudioVersion = 17.0.31912.275
MinimumVisualStudioVersion = 10.0.40219.1
Project("{2150E333-8FDC-42A3-9474-1A3956D46DE8}") = "tests", "tests", "{9955BB98-6ACF-4EC8-AE59-1B8DDCCBDCC6}"
EndProject
Project("{9A19103F-16F7-4668-BE54-9A1E7A4F7556}") = "Vogen.Benchmarks", "tests\Vogen.Benchmarks\Vogen.Benchmarks.csproj", "{D77B4296-FD1F-469A-B5ED-3EDF4EF3DFDD}"
EndProject
Project("{2150E333-8FDC-42A3-9474-1A3956D46DE8}") = "src", "src", "{57174048-09D4-46A6-932C-8F90F2B603D0}"
EndProject
Project("{9A19103F-16F7-4668-BE54-9A1E7A4F7556}") = "Vogen", "src\Vogen\Vogen.csproj", "{23A799DB-6FCE-462D-8F7D-76F4B1FAD20B}"
EndProject
Project("{2150E333-8FDC-42A3-9474-1A3956D46DE8}") = "_files", "_files", "{72AF0ED1-00F0-42D7-9997-169FEFBC2DB2}"
	ProjectSection(SolutionItems) = preProject
		.editorconfig = .editorconfig
		.gitattributes = .gitattributes
		.gitignore = .gitignore
		Build.ps1 = Build.ps1
		.github\workflows\build.yaml = .github\workflows\build.yaml
		.github\workflows\codeql-analysis.yml = .github\workflows\codeql-analysis.yml
		Directory.Build.props = Directory.Build.props
		docs\nuget-readme.md = docs\nuget-readme.md
		.github\workflows\publish.yaml = .github\workflows\publish.yaml
		README.md = README.md
		__Directory.Build.targets__ = __Directory.Build.targets__
	EndProjectSection
EndProject
Project("{2150E333-8FDC-42A3-9474-1A3956D46DE8}") = "samples", "samples", "{106ACB2D-8F44-4B80-AC38-3B43CB648774}"
EndProject
Project("{9A19103F-16F7-4668-BE54-9A1E7A4F7556}") = "Vogen.Examples", "samples\Vogen.Examples\Vogen.Examples.csproj", "{C3DC734F-F48F-401A-9293-CBEEE93787E3}"
EndProject
Project("{9A19103F-16F7-4668-BE54-9A1E7A4F7556}") = "Testbench", "tests\Testbench\Testbench.csproj", "{00BA2434-F908-49DF-89C5-024F26C2C0F1}"
EndProject
Project("{9A19103F-16F7-4668-BE54-9A1E7A4F7556}") = "Vogen.SharedTypes", "src\Vogen.SharedTypes\Vogen.SharedTypes.csproj", "{ACBCBC0B-430F-46A3-AD96-6AF28DBA7F9D}"
EndProject
Project("{2150E333-8FDC-42A3-9474-1A3956D46DE8}") = ".github", ".github", "{D3048A7B-80B6-4BE2-881B-622E7FC26FC8}"
	ProjectSection(SolutionItems) = preProject
		.github\dependabot.yml = .github\dependabot.yml
	EndProjectSection
EndProject
Project("{2150E333-8FDC-42A3-9474-1A3956D46DE8}") = "workflows", "workflows", "{7CB90DA2-8BCB-4F4C-A5F3-9F6E8B6CC402}"
	ProjectSection(SolutionItems) = preProject
		.github\workflows\build.yaml = .github\workflows\build.yaml
		.github\workflows\codeql-analysis.yml = .github\workflows\codeql-analysis.yml
		.github\workflows\publish.yaml = .github\workflows\publish.yaml
	EndProjectSection
EndProject
Project("{9A19103F-16F7-4668-BE54-9A1E7A4F7556}") = "SmallTests", "tests\SmallTests\SmallTests.csproj", "{207A4004-C65F-432F-889E-257B6197E3B5}"
EndProject
Project("{9A19103F-16F7-4668-BE54-9A1E7A4F7556}") = "MediumTests", "tests\MediumTests\MediumTests.csproj", "{269BDF34-CF19-4FEB-90F8-48A08236AF6A}"
EndProject
Project("{9A19103F-16F7-4668-BE54-9A1E7A4F7556}") = "LargeTests", "tests\LargeTests\LargeTests.csproj", "{A8CCC616-C56C-4F2A-83BD-898CDAE70B42}"
EndProject
Project("{9A19103F-16F7-4668-BE54-9A1E7A4F7556}") = "AnalyzerTests", "tests\AnalyzerTests\AnalyzerTests.csproj", "{89E0B1B1-8CCD-4328-A0D2-4F87E1D57023}"
EndProject
Global
	GlobalSection(SolutionConfigurationPlatforms) = preSolution
		Debug|Any CPU = Debug|Any CPU
		Release|Any CPU = Release|Any CPU
	EndGlobalSection
	GlobalSection(ProjectConfigurationPlatforms) = postSolution
		{D77B4296-FD1F-469A-B5ED-3EDF4EF3DFDD}.Debug|Any CPU.ActiveCfg = Debug|Any CPU
		{D77B4296-FD1F-469A-B5ED-3EDF4EF3DFDD}.Release|Any CPU.ActiveCfg = Release|Any CPU
		{D77B4296-FD1F-469A-B5ED-3EDF4EF3DFDD}.Release|Any CPU.Build.0 = Release|Any CPU
		{23A799DB-6FCE-462D-8F7D-76F4B1FAD20B}.Debug|Any CPU.ActiveCfg = Debug|Any CPU
		{23A799DB-6FCE-462D-8F7D-76F4B1FAD20B}.Debug|Any CPU.Build.0 = Debug|Any CPU
		{23A799DB-6FCE-462D-8F7D-76F4B1FAD20B}.Release|Any CPU.ActiveCfg = Release|Any CPU
		{23A799DB-6FCE-462D-8F7D-76F4B1FAD20B}.Release|Any CPU.Build.0 = Release|Any CPU
		{C3DC734F-F48F-401A-9293-CBEEE93787E3}.Debug|Any CPU.ActiveCfg = Debug|Any CPU
		{C3DC734F-F48F-401A-9293-CBEEE93787E3}.Debug|Any CPU.Build.0 = Debug|Any CPU
		{C3DC734F-F48F-401A-9293-CBEEE93787E3}.Release|Any CPU.ActiveCfg = Release|Any CPU
		{C3DC734F-F48F-401A-9293-CBEEE93787E3}.Release|Any CPU.Build.0 = Release|Any CPU
		{00BA2434-F908-49DF-89C5-024F26C2C0F1}.Debug|Any CPU.ActiveCfg = Debug|Any CPU
		{00BA2434-F908-49DF-89C5-024F26C2C0F1}.Debug|Any CPU.Build.0 = Debug|Any CPU
		{00BA2434-F908-49DF-89C5-024F26C2C0F1}.Release|Any CPU.ActiveCfg = Release|Any CPU
		{00BA2434-F908-49DF-89C5-024F26C2C0F1}.Release|Any CPU.Build.0 = Release|Any CPU
		{ACBCBC0B-430F-46A3-AD96-6AF28DBA7F9D}.Debug|Any CPU.ActiveCfg = Debug|Any CPU
		{ACBCBC0B-430F-46A3-AD96-6AF28DBA7F9D}.Debug|Any CPU.Build.0 = Debug|Any CPU
		{ACBCBC0B-430F-46A3-AD96-6AF28DBA7F9D}.Release|Any CPU.ActiveCfg = Release|Any CPU
		{ACBCBC0B-430F-46A3-AD96-6AF28DBA7F9D}.Release|Any CPU.Build.0 = Release|Any CPU
		{207A4004-C65F-432F-889E-257B6197E3B5}.Debug|Any CPU.ActiveCfg = Debug|Any CPU
		{207A4004-C65F-432F-889E-257B6197E3B5}.Debug|Any CPU.Build.0 = Debug|Any CPU
		{207A4004-C65F-432F-889E-257B6197E3B5}.Release|Any CPU.ActiveCfg = Release|Any CPU
		{207A4004-C65F-432F-889E-257B6197E3B5}.Release|Any CPU.Build.0 = Release|Any CPU
		{269BDF34-CF19-4FEB-90F8-48A08236AF6A}.Debug|Any CPU.ActiveCfg = Debug|Any CPU
		{269BDF34-CF19-4FEB-90F8-48A08236AF6A}.Debug|Any CPU.Build.0 = Debug|Any CPU
		{269BDF34-CF19-4FEB-90F8-48A08236AF6A}.Release|Any CPU.ActiveCfg = Release|Any CPU
		{269BDF34-CF19-4FEB-90F8-48A08236AF6A}.Release|Any CPU.Build.0 = Release|Any CPU
		{A8CCC616-C56C-4F2A-83BD-898CDAE70B42}.Debug|Any CPU.ActiveCfg = Debug|Any CPU
		{A8CCC616-C56C-4F2A-83BD-898CDAE70B42}.Release|Any CPU.ActiveCfg = Release|Any CPU
		{A8CCC616-C56C-4F2A-83BD-898CDAE70B42}.Release|Any CPU.Build.0 = Release|Any CPU
		{89E0B1B1-8CCD-4328-A0D2-4F87E1D57023}.Debug|Any CPU.ActiveCfg = Debug|Any CPU
		{89E0B1B1-8CCD-4328-A0D2-4F87E1D57023}.Release|Any CPU.ActiveCfg = Release|Any CPU
		{89E0B1B1-8CCD-4328-A0D2-4F87E1D57023}.Release|Any CPU.Build.0 = Release|Any CPU
	EndGlobalSection
	GlobalSection(SolutionProperties) = preSolution
		HideSolutionNode = FALSE
	EndGlobalSection
	GlobalSection(NestedProjects) = preSolution
		{D77B4296-FD1F-469A-B5ED-3EDF4EF3DFDD} = {9955BB98-6ACF-4EC8-AE59-1B8DDCCBDCC6}
		{23A799DB-6FCE-462D-8F7D-76F4B1FAD20B} = {57174048-09D4-46A6-932C-8F90F2B603D0}
		{C3DC734F-F48F-401A-9293-CBEEE93787E3} = {106ACB2D-8F44-4B80-AC38-3B43CB648774}
		{00BA2434-F908-49DF-89C5-024F26C2C0F1} = {9955BB98-6ACF-4EC8-AE59-1B8DDCCBDCC6}
		{ACBCBC0B-430F-46A3-AD96-6AF28DBA7F9D} = {57174048-09D4-46A6-932C-8F90F2B603D0}
		{D3048A7B-80B6-4BE2-881B-622E7FC26FC8} = {72AF0ED1-00F0-42D7-9997-169FEFBC2DB2}
		{7CB90DA2-8BCB-4F4C-A5F3-9F6E8B6CC402} = {D3048A7B-80B6-4BE2-881B-622E7FC26FC8}
		{207A4004-C65F-432F-889E-257B6197E3B5} = {9955BB98-6ACF-4EC8-AE59-1B8DDCCBDCC6}
		{269BDF34-CF19-4FEB-90F8-48A08236AF6A} = {9955BB98-6ACF-4EC8-AE59-1B8DDCCBDCC6}
		{A8CCC616-C56C-4F2A-83BD-898CDAE70B42} = {9955BB98-6ACF-4EC8-AE59-1B8DDCCBDCC6}
		{89E0B1B1-8CCD-4328-A0D2-4F87E1D57023} = {9955BB98-6ACF-4EC8-AE59-1B8DDCCBDCC6}
	EndGlobalSection
	GlobalSection(ExtensibilityGlobals) = postSolution
		SolutionGuid = {E4D5DD02-533B-4333-9CF9-ACD294C7F2EE}
	EndGlobalSection
EndGlobal
